Microsoft Visual Studio Solution File, Format Version 12.00
# Visual Studio Version 17
VisualStudioVersion = 17.0.31903.59
MinimumVisualStudioVersion = 10.0.40219.1
Project("{FAE04EC0-301F-11D3-BF4B-00C04F79EFBC}") = "IQGenetics.MC1R.Core", "src\IQGenetics.MC1R.Core\IQGenetics.MC1R.Core.csproj", "{0BDF4C24-3A65-4B61-9C2D-7E48B2E39010}"
EndProject
Project("{FAE04EC0-301F-11D3-BF4B-00C04F79EFBC}") = "IQGenetics.MC1R.App", "src\IQGenetics.MC1R.App\IQGenetics.MC1R.App.csproj", "{7C3EAE81-4A7C-4E41-BAB2-76C76B2B8B10}"
EndProject
Project("{930C7802-8A8C-48F9-8165-68863BCCD9DD}") = "IQGenetics.MC1R.Installer", "build\installer\IQGenetics.MC1R.Installer.wixproj", "{9FBBF7DE-2D49-4D5F-9A0F-5D89CBB2B900}"
EndProject
Global
    GlobalSection(SolutionConfigurationPlatforms) = preSolution
        Debug|Any CPU = Debug|Any CPU
        Release|Any CPU = Release|Any CPU
    EndGlobalSection
    GlobalSection(ProjectConfigurationPlatforms) = postSolution
        {0BDF4C24-3A65-4B61-9C2D-7E48B2E39010}.Debug|Any CPU.ActiveCfg = Debug|Any CPU
        {0BDF4C24-3A65-4B61-9C2D-7E48B2E39010}.Debug|Any CPU.Build.0 = Debug|Any CPU
        {0BDF4C24-3A65-4B61-9C2D-7E48B2E39010}.Release|Any CPU.ActiveCfg = Release|Any CPU
        {0BDF4C24-3A65-4B61-9C2D-7E48B2E39010}.Release|Any CPU.Build.0 = Release|Any CPU

        {7C3EAE81-4A7C-4E41-BAB2-76C76B2B8B10}.Debug|Any CPU.ActiveCfg = Debug|Any CPU
        {7C3EAE81-4A7C-4E41-BAB2-76C76B2B8B10}.Debug|Any CPU.Build.0 = Debug|Any CPU
        {7C3EAE81-4A7C-4E41-BAB2-76C76B2B8B10}.Release|Any CPU.ActiveCfg = Release|Any CPU
        {7C3EAE81-4A7C-4E41-BAB2-76C76B2B8B10}.Release|Any CPU.Build.0 = Release|Any CPU

        {9FBBF7DE-2D49-4D5F-9A0F-5D89CBB2B900}.Debug|Any CPU.ActiveCfg = Debug|Any CPU
        {9FBBF7DE-2D49-4D5F-9A0F-5D89CBB2B900}.Debug|Any CPU.Build.0 = Debug|Any CPU
        {9FBBF7DE-2D49-4D5F-9A0F-5D89CBB2B900}.Release|Any CPU.ActiveCfg = Release|Any CPU
        {9FBBF7DE-2D49-4D5F-9A0F-5D89CBB2B900}.Release|Any CPU.Build.0 = Release|Any CPU
    EndGlobalSection
EndGlobal
